
Microsoft Visual Studio Solution File, Format Version 12.00
# Visual Studio 15
VisualStudioVersion = 15.0.28307.1340
MinimumVisualStudioVersion = 10.0.40219.1
Project("{8BC9CEB8-8B4A-11D0-8D11-00A0C91BC942}") = "ASM_6", "ASM_6\ASM_6.vcxproj", "{B6D07100-B7D6-4DDD-9075-899F24B80A14}"
EndProject
Global
	GlobalSection(SolutionConfigurationPlatforms) = preSolution
		Debug|x64 = Debug|x64
		Debug|x86 = Debug|x86
		Release|x64 = Release|x64
		Release|x86 = Release|x86
	EndGlobalSection
	GlobalSection(ProjectConfigurationPlatforms) = postSolution
		{B6D07100-B7D6-4DDD-9075-899F24B80A14}.Debug|x64.ActiveCfg = Debug|x64
		{B6D07100-B7D6-4DDD-9075-899F24B80A14}.Debug|x64.Build.0 = Debug|x64
		{B6D07100-B7D6-4DDD-9075-899F24B80A14}.Debug|x86.ActiveCfg = Debug|Win32
		{B6D07100-B7D6-4DDD-9075-899F24B80A14}.Debug|x86.Build.0 = Debug|Win32
		{B6D07100-B7D6-4DDD-9075-899F24B80A14}.Release|x64.ActiveCfg = Release|x64
		{B6D07100-B7D6-4DDD-9075-899F24B80A14}.Release|x64.Build.0 = Release|x64
		{B6D07100-B7D6-4DDD-9075-899F24B80A14}.Release|x86.ActiveCfg = Release|Win32
		{B6D07100-B7D6-4DDD-9075-899F24B80A14}.Release|x86.Build.0 = Release|Win32
	EndGlobalSection
	GlobalSection(SolutionProperties) = preSolution
		HideSolutionNode = FALSE
	EndGlobalSection
	GlobalSection(ExtensibilityGlobals) = postSolution
		SolutionGuid = {F0240A92-667C-4693-BE15-EE86B1B7EC1D}
	EndGlobalSection
EndGlobal
