
Microsoft Visual Studio Solution File, Format Version 12.00
# Visual Studio 15
VisualStudioVersion = 15.0.28307.1340
MinimumVisualStudioVersion = 10.0.40219.1
Project("{8BC9CEB8-8B4A-11D0-8D11-00A0C91BC942}") = "Project17", "Project17\Project17.vcxproj", "{A3A0CB75-4F57-477D-B4C5-7CC572F1CB01}"
EndProject
Global
	GlobalSection(SolutionConfigurationPlatforms) = preSolution
		Debug|x64 = Debug|x64
		Debug|x86 = Debug|x86
		Release|x64 = Release|x64
		Release|x86 = Release|x86
	EndGlobalSection
	GlobalSection(ProjectConfigurationPlatforms) = postSolution
		{A3A0CB75-4F57-477D-B4C5-7CC572F1CB01}.Debug|x64.ActiveCfg = Debug|x64
		{A3A0CB75-4F57-477D-B4C5-7CC572F1CB01}.Debug|x64.Build.0 = Debug|x64
		{A3A0CB75-4F57-477D-B4C5-7CC572F1CB01}.Debug|x86.ActiveCfg = Debug|Win32
		{A3A0CB75-4F57-477D-B4C5-7CC572F1CB01}.Debug|x86.Build.0 = Debug|Win32
		{A3A0CB75-4F57-477D-B4C5-7CC572F1CB01}.Release|x64.ActiveCfg = Release|x64
		{A3A0CB75-4F57-477D-B4C5-7CC572F1CB01}.Release|x64.Build.0 = Release|x64
		{A3A0CB75-4F57-477D-B4C5-7CC572F1CB01}.Release|x86.ActiveCfg = Release|Win32
		{A3A0CB75-4F57-477D-B4C5-7CC572F1CB01}.Release|x86.Build.0 = Release|Win32
	EndGlobalSection
	GlobalSection(SolutionProperties) = preSolution
		HideSolutionNode = FALSE
	EndGlobalSection
	GlobalSection(ExtensibilityGlobals) = postSolution
		SolutionGuid = {DF9DFFA2-F517-40A9-B215-43A5B7DB1837}
	EndGlobalSection
EndGlobal
