
Microsoft Visual Studio Solution File, Format Version 12.00
# Visual Studio 15
VisualStudioVersion = 15.0.28307.1340
MinimumVisualStudioVersion = 10.0.40219.1
Project("{8BC9CEB8-8B4A-11D0-8D11-00A0C91BC942}") = "Project26", "Project26\Project26.vcxproj", "{96C07019-D490-4B5B-9EFD-25AF16090E9F}"
EndProject
Global
	GlobalSection(SolutionConfigurationPlatforms) = preSolution
		Debug|x64 = Debug|x64
		Debug|x86 = Debug|x86
		Release|x64 = Release|x64
		Release|x86 = Release|x86
	EndGlobalSection
	GlobalSection(ProjectConfigurationPlatforms) = postSolution
		{96C07019-D490-4B5B-9EFD-25AF16090E9F}.Debug|x64.ActiveCfg = Debug|x64
		{96C07019-D490-4B5B-9EFD-25AF16090E9F}.Debug|x64.Build.0 = Debug|x64
		{96C07019-D490-4B5B-9EFD-25AF16090E9F}.Debug|x86.ActiveCfg = Debug|Win32
		{96C07019-D490-4B5B-9EFD-25AF16090E9F}.Debug|x86.Build.0 = Debug|Win32
		{96C07019-D490-4B5B-9EFD-25AF16090E9F}.Release|x64.ActiveCfg = Release|x64
		{96C07019-D490-4B5B-9EFD-25AF16090E9F}.Release|x64.Build.0 = Release|x64
		{96C07019-D490-4B5B-9EFD-25AF16090E9F}.Release|x86.ActiveCfg = Release|Win32
		{96C07019-D490-4B5B-9EFD-25AF16090E9F}.Release|x86.Build.0 = Release|Win32
	EndGlobalSection
	GlobalSection(SolutionProperties) = preSolution
		HideSolutionNode = FALSE
	EndGlobalSection
	GlobalSection(ExtensibilityGlobals) = postSolution
		SolutionGuid = {026496E1-5C19-4F11-8116-5B28C7770607}
	EndGlobalSection
EndGlobal
