
Microsoft Visual Studio Solution File, Format Version 12.00
# Visual Studio Version 16
VisualStudioVersion = 16.0.30804.86
MinimumVisualStudioVersion = 10.0.40219.1
Project("{8BC9CEB8-8B4A-11D0-8D11-00A0C91BC942}") = "小球进框", "小球进框\小球进框.vcxproj", "{BFC75D4D-5FF5-4746-B068-7F0D7B70082B}"
EndProject
Global
	GlobalSection(SolutionConfigurationPlatforms) = preSolution
		Debug|x64 = Debug|x64
		Debug|x86 = Debug|x86
		Release|x64 = Release|x64
		Release|x86 = Release|x86
	EndGlobalSection
	GlobalSection(ProjectConfigurationPlatforms) = postSolution
		{BFC75D4D-5FF5-4746-B068-7F0D7B70082B}.Debug|x64.ActiveCfg = Debug|x64
		{BFC75D4D-5FF5-4746-B068-7F0D7B70082B}.Debug|x64.Build.0 = Debug|x64
		{BFC75D4D-5FF5-4746-B068-7F0D7B70082B}.Debug|x86.ActiveCfg = Debug|Win32
		{BFC75D4D-5FF5-4746-B068-7F0D7B70082B}.Debug|x86.Build.0 = Debug|Win32
		{BFC75D4D-5FF5-4746-B068-7F0D7B70082B}.Release|x64.ActiveCfg = Release|x64
		{BFC75D4D-5FF5-4746-B068-7F0D7B70082B}.Release|x64.Build.0 = Release|x64
		{BFC75D4D-5FF5-4746-B068-7F0D7B70082B}.Release|x86.ActiveCfg = Release|Win32
		{BFC75D4D-5FF5-4746-B068-7F0D7B70082B}.Release|x86.Build.0 = Release|Win32
	EndGlobalSection
	GlobalSection(SolutionProperties) = preSolution
		HideSolutionNode = FALSE
	EndGlobalSection
	GlobalSection(ExtensibilityGlobals) = postSolution
		SolutionGuid = {2A224BDF-6013-4132-9950-345C4E0C18FD}
	EndGlobalSection
EndGlobal
